
Microsoft Visual Studio Solution File, Format Version 12.00
# Visual Studio 15
VisualStudioVersion = 15.0.27703.2042
MinimumVisualStudioVersion = 10.0.40219.1
Project("{FAE04EC0-301F-11D3-BF4B-00C04F79EFBC}") = "Lab3", "Lab3\Lab3.csproj", "{50A27DEF-F155-4490-A771-45D5693FC7A6}"
EndProject
Global
	GlobalSection(SolutionConfigurationPlatforms) = preSolution
		Debug|Any CPU = Debug|Any CPU
		Release|Any CPU = Release|Any CPU
	EndGlobalSection
	GlobalSection(ProjectConfigurationPlatforms) = postSolution
		{50A27DEF-F155-4490-A771-45D5693FC7A6}.Debug|Any CPU.ActiveCfg = Debug|Any CPU
		{50A27DEF-F155-4490-A771-45D5693FC7A6}.Debug|Any CPU.Build.0 = Debug|Any CPU
		{50A27DEF-F155-4490-A771-45D5693FC7A6}.Release|Any CPU.ActiveCfg = Release|Any CPU
		{50A27DEF-F155-4490-A771-45D5693FC7A6}.Release|Any CPU.Build.0 = Release|Any CPU
	EndGlobalSection
	GlobalSection(SolutionProperties) = preSolution
		HideSolutionNode = FALSE
	EndGlobalSection
	GlobalSection(ExtensibilityGlobals) = postSolution
		SolutionGuid = {5DE0DCE6-F968-4424-BCA2-C20DE9F80CB0}
	EndGlobalSection
EndGlobal
