
Microsoft Visual Studio Solution File, Format Version 12.00
# Visual Studio 15
VisualStudioVersion = 15.0.27703.2042
MinimumVisualStudioVersion = 10.0.40219.1
Project("{FAE04EC0-301F-11D3-BF4B-00C04F79EFBC}") = "FindUpdateStudentInformation", "FindUpdateStudentInformation\FindUpdateStudentInformation.csproj", "{669C5D62-A61F-41D7-9A73-2E2F5CD05178}"
EndProject
Global
	GlobalSection(SolutionConfigurationPlatforms) = preSolution
		Debug|Any CPU = Debug|Any CPU
		Release|Any CPU = Release|Any CPU
	EndGlobalSection
	GlobalSection(ProjectConfigurationPlatforms) = postSolution
		{669C5D62-A61F-41D7-9A73-2E2F5CD05178}.Debug|Any CPU.ActiveCfg = Debug|Any CPU
		{669C5D62-A61F-41D7-9A73-2E2F5CD05178}.Debug|Any CPU.Build.0 = Debug|Any CPU
		{669C5D62-A61F-41D7-9A73-2E2F5CD05178}.Release|Any CPU.ActiveCfg = Release|Any CPU
		{669C5D62-A61F-41D7-9A73-2E2F5CD05178}.Release|Any CPU.Build.0 = Release|Any CPU
	EndGlobalSection
	GlobalSection(SolutionProperties) = preSolution
		HideSolutionNode = FALSE
	EndGlobalSection
	GlobalSection(ExtensibilityGlobals) = postSolution
		SolutionGuid = {E8CACE9A-7DF0-4CF7-BD61-74AE96820C4F}
	EndGlobalSection
EndGlobal
